
Microsoft Visual Studio Solution File, Format Version 12.00
# Visual Studio Version 16
VisualStudioVersion = 16.0.29209.62
MinimumVisualStudioVersion = 10.0.40219.1
Project("{FAE04EC0-301F-11D3-BF4B-00C04F79EFBC}") = "ProyectoTest", "ProyectoTest.csproj", "{F555BF58-27F6-4E27-B5A8-2EB2CBF6585F}"
EndProject
Global
	GlobalSection(SolutionConfigurationPlatforms) = preSolution
		Debug|Any CPU = Debug|Any CPU
		Release|Any CPU = Release|Any CPU
	EndGlobalSection
	GlobalSection(ProjectConfigurationPlatforms) = postSolution
		{F555BF58-27F6-4E27-B5A8-2EB2CBF6585F}.Debug|Any CPU.ActiveCfg = Debug|Any CPU
		{F555BF58-27F6-4E27-B5A8-2EB2CBF6585F}.Debug|Any CPU.Build.0 = Debug|Any CPU
		{F555BF58-27F6-4E27-B5A8-2EB2CBF6585F}.Release|Any CPU.ActiveCfg = Release|Any CPU
		{F555BF58-27F6-4E27-B5A8-2EB2CBF6585F}.Release|Any CPU.Build.0 = Release|Any CPU
	EndGlobalSection
	GlobalSection(SolutionProperties) = preSolution
		HideSolutionNode = FALSE
	EndGlobalSection
	GlobalSection(ExtensibilityGlobals) = postSolution
		SolutionGuid = {228C03AE-B811-42BF-A94F-C55296378777}
	EndGlobalSection
EndGlobal
